github.com/go-sql-driver/mysql v1.6.0 h1:BCTh4TKNUYmOmMUcQ3IipzF5prigylS7XXjEkfCHuOE=
github.com/go-sql-driver/mysql v1.6.0/go.mod h1:DCzpHaOWr8IXmIStZouvnhqoel9Qv2LBy8hT2VhHyBg=
github.com/wrapped-owls/goremy-di/remy v1.1.0 h1:UoGUQ6qGjI1GDbsclC2wPB8hbEiJWieDhLmiT3zfIQA=
github.com/wrapped-owls/goremy-di/remy v1.1.0/go.mod h1:qYN9E07yip4Vw4oihsMq05IgLSMvFKsjrA/Ca79zq8w=
